{
  "nodes": {
    "flake-compat": {
      "flake": false,
      "locked": {
        "lastModified": 1673956053,
        "narHash": "sha256-4gtG9iQuiKITOjNQQeQIpoIB6b16fm+504Ch3sNKLd8=",
        "owner": "edolstra",
        "repo": "flake-compat",
        "rev": "35bb57c0c8d8b62bbfd284272c928ceb64ddbde9",
        "type": "github"
      },
      "original": {
        "owner": "edolstra",
        "repo": "flake-compat",
        "type": "github"
      }
    },
    "flake-utils": {
      "inputs": {
        "systems": "systems"
      },
      "locked": {
        "lastModified": 1694529238,
        "narHash": "sha256-zsNZZGTGnMOf9YpHKJqMSsa0dXbfmxeoJ7xHlrt+xmY=",
        "owner": "numtide",
        "repo": "flake-utils",
        "rev": "ff7b65b44d01cf9ba6a71320833626af21126384",
        "type": "github"
      },
      "original": {
        "owner": "numtide",
        "repo": "flake-utils",
        "type": "github"
      }
    },
    "jsaddle": {
      "flake": false,
      "locked": {
        "lastModified": 1694167118,
        "narHash": "sha256-QNWimHH7c0xYe8sVmS2U3CgCR2q2fz2G35XTUywSrk8=",
        "owner": "ghcjs",
        "repo": "jsaddle",
        "rev": "ffcda85943fd4b91a715643b921a10df9aba44e1",
        "type": "github"
      },
      "original": {
        "owner": "ghcjs",
        "repo": "jsaddle",
        "type": "github"
      }
    },
    "miso": {
      "flake": false,
      "locked": {
        "lastModified": 1691794309,
        "narHash": "sha256-TQ6SRXDOit24jWnlNAh10FF5NQu8V6tbrY7ry56Cu7w=",
        "owner": "dmjio",
        "repo": "miso",
        "rev": "49edf0677253bbcdd473422b5dd5b4beffd83910",
        "type": "github"
      },
      "original": {
        "owner": "dmjio",
        "repo": "miso",
        "rev": "49edf0677253bbcdd473422b5dd5b4beffd83910",
        "type": "github"
      }
    },
    "nix-filter": {
      "locked": {
        "lastModified": 1694857738,
        "narHash": "sha256-bxxNyLHjhu0N8T3REINXQ2ZkJco0ABFPn6PIe2QUfqo=",
        "owner": "numtide",
        "repo": "nix-filter",
        "rev": "41fd48e00c22b4ced525af521ead8792402de0ea",
        "type": "github"
      },
      "original": {
        "owner": "numtide",
        "repo": "nix-filter",
        "type": "github"
      }
    },
    "nixpkgs": {
      "locked": {
        "lastModified": 1694934517,
        "narHash": "sha256-U9aI4/jw+kYTZye4LJC2eIU30SqvZgL/UeRY4VHIjK8=",
        "owner": "NixOS",
        "repo": "nixpkgs",
        "rev": "e1b4c97ed4ce160afd9ef1574b6a2ff168482f2a",
        "type": "github"
      },
      "original": {
        "owner": "NixOS",
        "repo": "nixpkgs",
        "rev": "e1b4c97ed4ce160afd9ef1574b6a2ff168482f2a",
        "type": "github"
      }
    },
    "root": {
      "inputs": {
        "flake-compat": "flake-compat",
        "flake-utils": "flake-utils",
        "jsaddle": "jsaddle",
        "miso": "miso",
        "nix-filter": "nix-filter",
        "nixpkgs": "nixpkgs"
      }
    },
    "systems": {
      "locked": {
        "lastModified": 1681028828,
        "narHash": "sha256-Vy1rq5AaRuLzOxct8nz4T6wlgyUR7zLU309k9mBC768=",
        "owner": "nix-systems",
        "repo": "default",
        "rev": "da67096a3b9bf56a91d16901293e51ba5b49a27e",
        "type": "github"
      },
      "original": {
        "owner": "nix-systems",
        "repo": "default",
        "type": "github"
      }
    }
  },
  "root": "root",
  "version": 7
}
