# This file was autogenerated by Stack.
# You should not edit this file by hand.
# For more information, please see the documentation at:
#   https://docs.haskellstack.org/en/stable/lock_files

packages: []
snapshots:
- completed:
    sha256: 402c22fcb980c23c960ce8249d20c572f26abb1395a5d581e71244e7635bc578
    size: 670169
    url: https://raw.githubusercontent.com/commercialhaskell/stackage-snapshots/master/nightly/2023/9/30.yaml
  original: nightly-2023-09-30
