# This file was autogenerated by Stack.
# You should not edit this file by hand.
# For more information, please see the documentation at:
#   https://docs.haskellstack.org/en/stable/topics/lock_files

packages:
- completed:
    hackage: free-foil-0.4.0@sha256:4cfd40e7ae9bc0b65e299adb71d67e68a34ebf5e2d05a2f8dd95f70864c8a072,7717
    pantry-tree:
      sha256: 009de37e1cbabd5869cf38851c2004d7f34805d06594af3e6707ddf4c6ecebbc
      size: 4324
  original:
    hackage: free-foil-0.4.0
- completed:
    hackage: kind-generics-th-0.2.3.3@sha256:c53280116db0dab9891f5a531679073f0b1f9ba6b8a3399bca11d98c506d0c62,1578
    pantry-tree:
      sha256: 89954f3519b63d5d379ff3e062f9c7ad9d3e1106ee734a99fa8c9943d7df0150
      size: 328
  original:
    hackage: kind-generics-th-0.2.3.3
snapshots:
- completed:
    sha256: 45b164eaf5c16bd220d2c5d7ab9a66ca0cfbcde7753703a5cb3549172adde813
    size: 728959
    url: https://raw.githubusercontent.com/commercialhaskell/stackage-snapshots/master/lts/24/34.yaml
  original: lts-24.34
