# This file was autogenerated by Stack.
# You should not edit this file by hand.
# For more information, please see the documentation at:
#   https://docs.haskellstack.org/en/stable/lock_files

packages: []
snapshots:
- completed:
    sha256: cbf721fafa21237e4999d83cfd27137f440ae0e3032ff18fa96e8148d9bf5ce1
    size: 604108
    url: https://raw.githubusercontent.com/commercialhaskell/stackage-snapshots/master/nightly/2023/4/9.yaml
  original: nightly-2023-04-09
